
Microsoft Visual Studio Solution File, Format Version 11.00
# Visual Studio 2010
Project("{FAE04EC0-301F-11D3-BF4B-00C04F79EFBC}") = "Assembly-CSharp", "Assembly-CSharp.csproj", "{293d0242-3cd3-6241-0263-cb9509a37b47}"
EndProject
Project("{FAE04EC0-301F-11D3-BF4B-00C04F79EFBC}") = "Assembly-CSharp-Editor", "Assembly-CSharp-Editor.csproj", "{691a635e-8187-222c-7a7c-ac2a4f8986a1}"
EndProject
Global
	GlobalSection(SolutionConfigurationPlatforms) = preSolution
		Debug|Any CPU = Debug|Any CPU
	EndGlobalSection
	GlobalSection(ProjectConfigurationPlatforms) = postSolution
		{293d0242-3cd3-6241-0263-cb9509a37b47}.Debug|Any CPU.ActiveCfg = Debug|Any CPU
		{293d0242-3cd3-6241-0263-cb9509a37b47}.Debug|Any CPU.Build.0 = Debug|Any CPU
		{691a635e-8187-222c-7a7c-ac2a4f8986a1}.Debug|Any CPU.ActiveCfg = Debug|Any CPU
		{691a635e-8187-222c-7a7c-ac2a4f8986a1}.Debug|Any CPU.Build.0 = Debug|Any CPU
	EndGlobalSection
	GlobalSection(SolutionProperties) = preSolution
		HideSolutionNode = FALSE
	EndGlobalSection
EndGlobal
